
Microsoft Visual Studio Solution File, Format Version 12.00
# Visual Studio Version 17
VisualStudioVersion = 17.4.33213.308
MinimumVisualStudioVersion = 10.0.40219.1
Project("{FAE04EC0-301F-11D3-BF4B-00C04F79EFBC}") = "PayhouseDragonFly.API", "PayhouseDragonFly.API\PayhouseDragonFly.API.csproj", "{9581148C-5EF7-4481-9345-0A2661CB3CF1}"
EndProject
Project("{FAE04EC0-301F-11D3-BF4B-00C04F79EFBC}") = "PayhouseDragonFly.CORE", "PayhouseDragonFly.CORE\PayhouseDragonFly.CORE.csproj", "{505C2B0B-88E9-4D85-AB70-6DC0EAAEBBF5}"
EndProject
Project("{FAE04EC0-301F-11D3-BF4B-00C04F79EFBC}") = "PayhouseDragonFly.INFRASTRUCTURE", "PayhouseDragonFly.INFRASTRUCTURE\PayhouseDragonFly.INFRASTRUCTURE.csproj", "{011CADC9-89B8-4632-9DBF-407131A15DA5}"
EndProject
Global
	GlobalSection(SolutionConfigurationPlatforms) = preSolution
		Debug|Any CPU = Debug|Any CPU
		Release|Any CPU = Release|Any CPU
	EndGlobalSection
	GlobalSection(ProjectConfigurationPlatforms) = postSolution
		{9581148C-5EF7-4481-9345-0A2661CB3CF1}.Debug|Any CPU.ActiveCfg = Debug|Any CPU
		{9581148C-5EF7-4481-9345-0A2661CB3CF1}.Debug|Any CPU.Build.0 = Debug|Any CPU
		{9581148C-5EF7-4481-9345-0A2661CB3CF1}.Release|Any CPU.ActiveCfg = Release|Any CPU
		{9581148C-5EF7-4481-9345-0A2661CB3CF1}.Release|Any CPU.Build.0 = Release|Any CPU
		{505C2B0B-88E9-4D85-AB70-6DC0EAAEBBF5}.Debug|Any CPU.ActiveCfg = Debug|Any CPU
		{505C2B0B-88E9-4D85-AB70-6DC0EAAEBBF5}.Debug|Any CPU.Build.0 = Debug|Any CPU
		{505C2B0B-88E9-4D85-AB70-6DC0EAAEBBF5}.Release|Any CPU.ActiveCfg = Release|Any CPU
		{505C2B0B-88E9-4D85-AB70-6DC0EAAEBBF5}.Release|Any CPU.Build.0 = Release|Any CPU
		{011CADC9-89B8-4632-9DBF-407131A15DA5}.Debug|Any CPU.ActiveCfg = Debug|Any CPU
		{011CADC9-89B8-4632-9DBF-407131A15DA5}.Debug|Any CPU.Build.0 = Debug|Any CPU
		{011CADC9-89B8-4632-9DBF-407131A15DA5}.Release|Any CPU.ActiveCfg = Release|Any CPU
		{011CADC9-89B8-4632-9DBF-407131A15DA5}.Release|Any CPU.Build.0 = Release|Any CPU
	EndGlobalSection
	GlobalSection(SolutionProperties) = preSolution
		HideSolutionNode = FALSE
	EndGlobalSection
	GlobalSection(ExtensibilityGlobals) = postSolution
		SolutionGuid = {6F6FC396-6762-4831-901F-DB1765390FAA}
	EndGlobalSection
EndGlobal
